// !$*UTF8*$!
{
	archiveVersion = 1;
	classes = {
	};
	objectVersion = 56;
	objects = {

/* Begin PBXBuildFile section */
		AE75EC3B29B4C04600865C87 /* AppDelegate.swift in Sources */ = {isa = PBXBuildFile; fileRef = AE75EC3A29B4C04600865C87 /* AppDelegate.swift */; };
		AE75EC3D29B4C04600865C87 /* SceneDelegate.swift in Sources */ = {isa = PBXBuildFile; fileRef = AE75EC3C29B4C04600865C87 /* SceneDelegate.swift */; };
		AE75EC3F29B4C04600865C87 /* ViewController.swift in Sources */ = {isa = PBXBuildFile; fileRef = AE75EC3E29B4C04600865C87 /* ViewController.swift */; };
		AE75EC4229B4C04600865C87 /* Main.storyboard in Resources */ = {isa = PBXBuildFile; fileRef = AE75EC4029B4C04600865C87 /* Main.storyboard */; };
		AE75EC4429B4C04800865C87 /* Assets.xcassets in Resources */ = {isa = PBXBuildFile; fileRef = AE75EC4329B4C04800865C87 /* Assets.xcassets */; };
		AE75EC4729B4C04800865C87 /* LaunchScreen.storyboard in Resources */ = {isa = PBXBuildFile; fileRef = AE75EC4529B4C04800865C87 /* LaunchScreen.storyboard */; };
		AE75EC4F29B4C05F00865C87 /* Calculator.swift in Sources */ = {isa = PBXBuildFile; fileRef = AE75EC4E29B4C05F00865C87 /* Calculator.swift */; };
		AE75EC5129B4CFD500865C87 /* Operation.swift in Sources */ = {isa = PBXBuildFile; fileRef = AE75EC5029B4CFD500865C87 /* Operation.swift */; };
		AEB3AEB929B55DE20079B391 /* CalculatorViewModel.swift in Sources */ = {isa = PBXBuildFile; fileRef = AEB3AEB829B55DE20079B391 /* CalculatorViewModel.swift */; };
/* End PBXBuildFile section */

/* Begin PBXFileReference section */
		AE75EC3729B4C04600865C87 /* CalculatorProtocolOriented.app */ = {isa = PBXFileReference; explicitFileType = wrapper.application; includeInIndex = 0; path = CalculatorProtocolOriented.app; sourceTree = BUILT_PRODUCTS_DIR; };
		AE75EC3A29B4C04600865C87 /* AppDelegate.swift */ = {isa = PBXFileReference; lastKnownFileType = sourcecode.swift; path = AppDelegate.swift; sourceTree = "<group>"; };
		AE75EC3C29B4C04600865C87 /* SceneDelegate.swift */ = {isa = PBXFileReference; lastKnownFileType = sourcecode.swift; path = SceneDelegate.swift; sourceTree = "<group>"; };
		AE75EC3E29B4C04600865C87 /* ViewController.swift */ = {isa = PBXFileReference; lastKnownFileType = sourcecode.swift; path = ViewController.swift; sourceTree = "<group>"; };
		AE75EC4129B4C04600865C87 /* Base */ = {isa = PBXFileReference; lastKnownFileType = file.storyboard; name = Base; path = Base.lproj/Main.storyboard; sourceTree = "<group>"; };
		AE75EC4329B4C04800865C87 /* Assets.xcassets */ = {isa = PBXFileReference; lastKnownFileType = folder.assetcatalog; path = Assets.xcassets; sourceTree = "<group>"; };
		AE75EC4629B4C04800865C87 /* Base */ = {isa = PBXFileReference; lastKnownFileType = file.storyboard; name = Base; path = Base.lproj/LaunchScreen.storyboard; sourceTree = "<group>"; };
		AE75EC4829B4C04800865C87 /* Info.plist */ = {isa = PBXFileReference; lastKnownFileType = text.plist.xml; path = Info.plist; sourceTree = "<group>"; };
		AE75EC4E29B4C05F00865C87 /* Calculator.swift */ = {isa = PBXFileReference; lastKnownFileType = sourcecode.swift; path = Calculator.swift; sourceTree = "<group>"; };
		AE75EC5029B4CFD500865C87 /* Operation.swift */ = {isa = PBXFileReference; lastKnownFileType = sourcecode.swift; path = Operation.swift; sourceTree = "<group>"; };
		AEB3AEB829B55DE20079B391 /* CalculatorViewModel.swift */ = {isa = PBXFileReference; lastKnownFileType = sourcecode.swift; path = CalculatorViewModel.swift; sourceTree = "<group>"; };
/* End PBXFileReference section */

/* Begin PBXFrameworksBuildPhase section */
		AE75EC3429B4C04600865C87 /* Frameworks */ = {
			isa = PBXFrameworksBuildPhase;
			buildActionMask = 2147483647;
			files = (
			);
			runOnlyForDeploymentPostprocessing = 0;
		};
/* End PBXFrameworksBuildPhase section */

/* Begin PBXGroup section */
		AE75EC2E29B4C04600865C87 = {
			isa = PBXGroup;
			children = (
				AE75EC3929B4C04600865C87 /* CalculatorProtocolOriented */,
				AE75EC3829B4C04600865C87 /* Products */,
			);
			sourceTree = "<group>";
		};
		AE75EC3829B4C04600865C87 /* Products */ = {
			isa = PBXGroup;
			children = (
				AE75EC3729B4C04600865C87 /* CalculatorProtocolOriented.app */,
			);
			name = Products;
			sourceTree = "<group>";
		};
		AE75EC3929B4C04600865C87 /* CalculatorProtocolOriented */ = {
			isa = PBXGroup;
			children = (
				AE75EC3A29B4C04600865C87 /* AppDelegate.swift */,
				AE75EC3C29B4C04600865C87 /* SceneDelegate.swift */,
				AE75EC3E29B4C04600865C87 /* ViewController.swift */,
				AE75EC4029B4C04600865C87 /* Main.storyboard */,
				AE75EC4329B4C04800865C87 /* Assets.xcassets */,
				AE75EC4529B4C04800865C87 /* LaunchScreen.storyboard */,
				AE75EC4829B4C04800865C87 /* Info.plist */,
				AE75EC4E29B4C05F00865C87 /* Calculator.swift */,
				AE75EC5029B4CFD500865C87 /* Operation.swift */,
				AEB3AEB829B55DE20079B391 /* CalculatorViewModel.swift */,
			);
			path = CalculatorProtocolOriented;
			sourceTree = "<group>";
		};
/* End PBXGroup section */

/* Begin PBXNativeTarget section */
		AE75EC3629B4C04600865C87 /* CalculatorProtocolOriented */ = {
			isa = PBXNativeTarget;
			buildConfigurationList = AE75EC4B29B4C04800865C87 /* Build configuration list for PBXNativeTarget "CalculatorProtocolOriented" */;
			buildPhases = (
				AE75EC3329B4C04600865C87 /* Sources */,
				AE75EC3429B4C04600865C87 /* Frameworks */,
				AE75EC3529B4C04600865C87 /* Resources */,
			);
			buildRules = (
			);
			dependencies = (
			);
			name = CalculatorProtocolOriented;
			productName = CalculatorProtocolOriented;
			productReference = AE75EC3729B4C04600865C87 /* CalculatorProtocolOriented.app */;
			productType = "com.apple.product-type.application";
		};
/* End PBXNativeTarget section */

/* Begin PBXProject section */
		AE75EC2F29B4C04600865C87 /* Project object */ = {
			isa = PBXProject;
			attributes = {
				BuildIndependentTargetsInParallel = 1;
				LastSwiftUpdateCheck = 1420;
				LastUpgradeCheck = 1420;
				TargetAttributes = {
					AE75EC3629B4C04600865C87 = {
						CreatedOnToolsVersion = 14.2;
					};
				};
			};
			buildConfigurationList = AE75EC3229B4C04600865C87 /* Build configuration list for PBXProject "CalculatorProtocolOriented" */;
			compatibilityVersion = "Xcode 14.0";
			developmentRegion = en;
			hasScannedForEncodings = 0;
			knownRegions = (
				en,
				Base,
			);
			mainGroup = AE75EC2E29B4C04600865C87;
			productRefGroup = AE75EC3829B4C04600865C87 /* Products */;
			projectDirPath = "";
			projectRoot = "";
			targets = (
				AE75EC3629B4C04600865C87 /* CalculatorProtocolOriented */,
			);
		};
/* End PBXProject section */

/* Begin PBXResourcesBuildPhase section */
		AE75EC3529B4C04600865C87 /* Resources */ = {
			isa = PBXResourcesBuildPhase;
			buildActionMask = 2147483647;
			files = (
				AE75EC4729B4C04800865C87 /* LaunchScreen.storyboard in Resources */,
				AE75EC4429B4C04800865C87 /* Assets.xcassets in Resources */,
				AE75EC4229B4C04600865C87 /* Main.storyboard in Resources */,
			);
			runOnlyForDeploymentPostprocessing = 0;
		};
/* End PBXResourcesBuildPhase section */

/* Begin PBXSourcesBuildPhase section */
		AE75EC3329B4C04600865C87 /* Sources */ = {
			isa = PBXSourcesBuildPhase;
			buildActionMask = 2147483647;
			files = (
				AE75EC3F29B4C04600865C87 /* ViewController.swift in Sources */,
				AE75EC4F29B4C05F00865C87 /* Calculator.swift in Sources */,
				AE75EC3B29B4C04600865C87 /* AppDelegate.swift in Sources */,
				AE75EC5129B4CFD500865C87 /* Operation.swift in Sources */,
				AEB3AEB929B55DE20079B391 /* CalculatorViewModel.swift in Sources */,
				AE75EC3D29B4C04600865C87 /* SceneDelegate.swift in Sources */,
			);
			runOnlyForDeploymentPostprocessing = 0;
		};
/* End PBXSourcesBuildPhase section */

/* Begin PBXVariantGroup section */
		AE75EC4029B4C04600865C87 /* Main.storyboard */ = {
			isa = PBXVariantGroup;
			children = (
				AE75EC4129B4C04600865C87 /* Base */,
			);
			name = Main.storyboard;
			sourceTree = "<group>";
		};
		AE75EC4529B4C04800865C87 /* LaunchScreen.storyboard */ = {
			isa = PBXVariantGroup;
			children = (
				AE75EC4629B4C04800865C87 /* Base */,
			);
			name = LaunchScreen.storyboard;
			sourceTree = "<group>";
		};
/* End PBXVariantGroup section */

/* Begin XCBuildConfiguration section */
		AE75EC4929B4C04800865C87 /* Debug */ = {
			isa = XCBuildConfiguration;
			buildSettings = {
				ALWAYS_SEARCH_USER_PATHS = NO;
				CLANG_ANALYZER_NONNULL = YES;
				CLANG_ANALYZER_NUMBER_OBJECT_CONVERSION = YES_AGGRESSIVE;
				CLANG_CXX_LANGUAGE_STANDARD = "gnu++20";
				CLANG_ENABLE_MODULES = YES;
				CLANG_ENABLE_OBJC_ARC = YES;
				CLANG_ENABLE_OBJC_WEAK = YES;
				CLANG_WARN_BLOCK_CAPTURE_AUTORELEASING = YES;
				CLANG_WARN_BOOL_CONVERSION = YES;
				CLANG_WARN_COMMA = YES;
				CLANG_WARN_CONSTANT_CONVERSION = YES;
				CLANG_WARN_DEPRECATED_OBJC_IMPLEMENTATIONS = YES;
				CLANG_WARN_DIRECT_OBJC_ISA_USAGE = YES_ERROR;
				CLANG_WARN_DOCUMENTATION_COMMENTS = YES;
				CLANG_WARN_EMPTY_BODY = YES;
				CLANG_WARN_ENUM_CONVERSION = YES;
				CLANG_WARN_INFINITE_RECURSION = YES;
				CLANG_WARN_INT_CONVERSION = YES;
				CLANG_WARN_NON_LITERAL_NULL_CONVERSION = YES;
				CLANG_WARN_OBJC_IMPLICIT_RETAIN_SELF = YES;
				CLANG_WARN_OBJC_LITERAL_CONVERSION = YES;
				CLANG_WARN_OBJC_ROOT_CLASS = YES_ERROR;
				CLANG_WARN_QUOTED_INCLUDE_IN_FRAMEWORK_HEADER = YES;
				CLANG_WARN_RANGE_LOOP_ANALYSIS = YES;
				CLANG_WARN_STRICT_PROTOTYPES = YES;
				CLANG_WARN_SUSPICIOUS_MOVE = YES;
				CLANG_WARN_UNGUARDED_AVAILABILITY = YES_AGGRESSIVE;
				CLANG_WARN_UNREACHABLE_CODE = YES;
				CLANG_WARN__DUPLICATE_METHOD_MATCH = YES;
				COPY_PHASE_STRIP = NO;
				DEBUG_INFORMATION_FORMAT = dwarf;
				ENABLE_STRICT_OBJC_MSGSEND = YES;
				ENABLE_TESTABILITY = YES;
				GCC_C_LANGUAGE_STANDARD = gnu11;
				GCC_DYNAMIC_NO_PIC = NO;
				GCC_NO_COMMON_BLOCKS = YES;
				GCC_OPTIMIZATION_LEVEL = 0;
				GCC_PREPROCESSOR_DEFINITIONS = (
					"DEBUG=1",
					"$(inherited)",
				);
				GCC_WARN_64_TO_32_BIT_CONVERSION = YES;
				GCC_WARN_ABOUT_RETURN_TYPE = YES_ERROR;
				GCC_WARN_UNDECLARED_SELECTOR = YES;
				GCC_WARN_UNINITIALIZED_AUTOS = YES_AGGRESSIVE;
				GCC_WARN_UNUSED_FUNCTION = YES;
				GCC_WARN_UNUSED_VARIABLE = YES;
				IPHONEOS_DEPLOYMENT_TARGET = 16.2;
				MTL_ENABLE_DEBUG_INFO = INCLUDE_SOURCE;
				MTL_FAST_MATH = YES;
				ONLY_ACTIVE_ARCH = YES;
				SDKROOT = iphoneos;
				SWIFT_ACTIVE_COMPILATION_CONDITIONS = DEBUG;
				SWIFT_OPTIMIZATION_LEVEL = "-Onone";
			};
			name = Debug;
		};
		AE75EC4A29B4C04800865C87 /* Release */ = {
			isa = XCBuildConfiguration;
			buildSettings = {
				ALWAYS_SEARCH_USER_PATHS = NO;
				CLANG_ANALYZER_NONNULL = YES;
				CLANG_ANALYZER_NUMBER_OBJECT_CONVERSION = YES_AGGRESSIVE;
				CLANG_CXX_LANGUAGE_STANDARD = "gnu++20";
				CLANG_ENABLE_MODULES = YES;
				CLANG_ENABLE_OBJC_ARC = YES;
				CLANG_ENABLE_OBJC_WEAK = YES;
				CLANG_WARN_BLOCK_CAPTURE_AUTORELEASING = YES;
				CLANG_WARN_BOOL_CONVERSION = YES;
				CLANG_WARN_COMMA = YES;
				CLANG_WARN_CONSTANT_CONVERSION = YES;
				CLANG_WARN_DEPRECATED_OBJC_IMPLEMENTATIONS = YES;
				CLANG_WARN_DIRECT_OBJC_ISA_USAGE = YES_ERROR;
				CLANG_WARN_DOCUMENTATION_COMMENTS = YES;
				CLANG_WARN_EMPTY_BODY = YES;
				CLANG_WARN_ENUM_CONVERSION = YES;
				CLANG_WARN_INFINITE_RECURSION = YES;
				CLANG_WARN_INT_CONVERSION = YES;
				CLANG_WARN_NON_LITERAL_NULL_CONVERSION = YES;
				CLANG_WARN_OBJC_IMPLICIT_RETAIN_SELF = YES;
				CLANG_WARN_OBJC_LITERAL_CONVERSION = YES;
				CLANG_WARN_OBJC_ROOT_CLASS = YES_ERROR;
				CLANG_WARN_QUOTED_INCLUDE_IN_FRAMEWORK_HEADER = YES;
				CLANG_WARN_RANGE_LOOP_ANALYSIS = YES;
				CLANG_WARN_STRICT_PROTOTYPES = YES;
				CLANG_WARN_SUSPICIOUS_MOVE = YES;
				CLANG_WARN_UNGUARDED_AVAILABILITY = YES_AGGRESSIVE;
				CLANG_WARN_UNREACHABLE_CODE = YES;
				CLANG_WARN__DUPLICATE_METHOD_MATCH = YES;
				COPY_PHASE_STRIP = NO;
				DEBUG_INFORMATION_FORMAT = "dwarf-with-dsym";
				ENABLE_NS_ASSERTIONS = NO;
				ENABLE_STRICT_OBJC_MSGSEND = YES;
				GCC_C_LANGUAGE_STANDARD = gnu11;
				GCC_NO_COMMON_BLOCKS = YES;
				GCC_WARN_64_TO_32_BIT_CONVERSION = YES;
				GCC_WARN_ABOUT_RETURN_TYPE = YES_ERROR;
				GCC_WARN_UNDECLARED_SELECTOR = YES;
				GCC_WARN_UNINITIALIZED_AUTOS = YES_AGGRESSIVE;
				GCC_WARN_UNUSED_FUNCTION = YES;
				GCC_WARN_UNUSED_VARIABLE = YES;
				IPHONEOS_DEPLOYMENT_TARGET = 16.2;
				MTL_ENABLE_DEBUG_INFO = NO;
				MTL_FAST_MATH = YES;
				SDKROOT = iphoneos;
				SWIFT_COMPILATION_MODE = wholemodule;
				SWIFT_OPTIMIZATION_LEVEL = "-O";
				VALIDATE_PRODUCT = YES;
			};
			name = Release;
		};
		AE75EC4C29B4C04800865C87 /* Debug */ = {
			isa = XCBuildConfiguration;
			buildSettings = {
				ASSETCATALOG_COMPILER_APPICON_NAME = AppIcon;
				ASSETCATALOG_COMPILER_GLOBAL_ACCENT_COLOR_NAME = AccentColor;
				CODE_SIGN_STYLE = Automatic;
				CURRENT_PROJECT_VERSION = 1;
				DEVELOPMENT_TEAM = ZAL935K4Y8;
				GENERATE_INFOPLIST_FILE = YES;
				INFOPLIST_FILE = CalculatorProtocolOriented/Info.plist;
				INFOPLIST_KEY_UIApplicationSupportsIndirectInputEvents = YES;
				INFOPLIST_KEY_UILaunchStoryboardName = LaunchScreen;
				INFOPLIST_KEY_UIMainStoryboardFile = Main;
				INFOPLIST_KEY_UISupportedInterfaceOrientations_iPad = "UIInterfaceOrientationPortrait UIInterfaceOrientationPortraitUpsideDown UIInterfaceOrientationLandscapeLeft UIInterfaceOrientationLandscapeRight";
				INFOPLIST_KEY_UISupportedInterfaceOrientations_iPhone = "UIInterfaceOrientationPortrait UIInterfaceOrientationLandscapeLeft UIInterfaceOrientationLandscapeRight";
				IPHONEOS_DEPLOYMENT_TARGET = 14.0;
				LD_RUNPATH_SEARCH_PATHS = (
					"$(inherited)",
					"@executable_path/Frameworks",
				);
				MARKETING_VERSION = 1.0;
				PRODUCT_BUNDLE_IDENTIFIER = test.Yun.CalculatorProtocolOriented;
				PRODUCT_NAME = "$(TARGET_NAME)";
				SWIFT_EMIT_LOC_STRINGS = YES;
				SWIFT_VERSION = 5.0;
				TARGETED_DEVICE_FAMILY = "1,2";
			};
			name = Debug;
		};
		AE75EC4D29B4C04800865C87 /* Release */ = {
			isa = XCBuildConfiguration;
			buildSettings = {
				ASSETCATALOG_COMPILER_APPICON_NAME = AppIcon;
				ASSETCATALOG_COMPILER_GLOBAL_ACCENT_COLOR_NAME = AccentColor;
				CODE_SIGN_STYLE = Automatic;
				CURRENT_PROJECT_VERSION = 1;
				DEVELOPMENT_TEAM = ZAL935K4Y8;
				GENERATE_INFOPLIST_FILE = YES;
				INFOPLIST_FILE = CalculatorProtocolOriented/Info.plist;
				INFOPLIST_KEY_UIApplicationSupportsIndirectInputEvents = YES;
				INFOPLIST_KEY_UILaunchStoryboardName = LaunchScreen;
				INFOPLIST_KEY_UIMainStoryboardFile = Main;
				INFOPLIST_KEY_UISupportedInterfaceOrientations_iPad = "UIInterfaceOrientationPortrait UIInterfaceOrientationPortraitUpsideDown UIInterfaceOrientationLandscapeLeft UIInterfaceOrientationLandscapeRight";
				INFOPLIST_KEY_UISupportedInterfaceOrientations_iPhone = "UIInterfaceOrientationPortrait UIInterfaceOrientationLandscapeLeft UIInterfaceOrientationLandscapeRight";
				IPHONEOS_DEPLOYMENT_TARGET = 14.0;
				LD_RUNPATH_SEARCH_PATHS = (
					"$(inherited)",
					"@executable_path/Frameworks",
				);
				MARKETING_VERSION = 1.0;
				PRODUCT_BUNDLE_IDENTIFIER = test.Yun.CalculatorProtocolOriented;
				PRODUCT_NAME = "$(TARGET_NAME)";
				SWIFT_EMIT_LOC_STRINGS = YES;
				SWIFT_VERSION = 5.0;
				TARGETED_DEVICE_FAMILY = "1,2";
			};
			name = Release;
		};
/* End XCBuildConfiguration section */

/* Begin XCConfigurationList section */
		AE75EC3229B4C04600865C87 /* Build configuration list for PBXProject "CalculatorProtocolOriented" */ = {
			isa = XCConfigurationList;
			buildConfigurations = (
				AE75EC4929B4C04800865C87 /* Debug */,
				AE75EC4A29B4C04800865C87 /* Release */,
			);
			defaultConfigurationIsVisible = 0;
			defaultConfigurationName = Release;
		};
		AE75EC4B29B4C04800865C87 /* Build configuration list for PBXNativeTarget "CalculatorProtocolOriented" */ = {
			isa = XCConfigurationList;
			buildConfigurations = (
				AE75EC4C29B4C04800865C87 /* Debug */,
				AE75EC4D29B4C04800865C87 /* Release */,
			);
			defaultConfigurationIsVisible = 0;
			defaultConfigurationName = Release;
		};
/* End XCConfigurationList section */
	};
	rootObject = AE75EC2F29B4C04600865C87 /* Project object */;
}
